
Microsoft Visual Studio Solution File, Format Version 9.00
# Visual Studio 2005
Project("{FAE04EC0-301F-11D3-BF4B-00C04F79EFBC}") = "MMFR", "MMFR\MMFR.csproj", "{AF6AE4C9-E620-4C70-ABF8-2C5B086DC479}"
EndProject
Global
	GlobalSection(SolutionConfigurationPlatforms) = preSolution
		Debug|Any CPU = Debug|Any CPU
		Release|Any CPU = Release|Any CPU
	EndGlobalSection
	GlobalSection(ProjectConfigurationPlatforms) = postSolution
		{AF6AE4C9-E620-4C70-ABF8-2C5B086DC479}.Debug|Any CPU.ActiveCfg = Debug|Any CPU
		{AF6AE4C9-E620-4C70-ABF8-2C5B086DC479}.Debug|Any CPU.Build.0 = Debug|Any CPU
		{AF6AE4C9-E620-4C70-ABF8-2C5B086DC479}.Release|Any CPU.ActiveCfg = Release|Any CPU
		{AF6AE4C9-E620-4C70-ABF8-2C5B086DC479}.Release|Any CPU.Build.0 = Release|Any CPU
	EndGlobalSection
	GlobalSection(SolutionProperties) = preSolution
		HideSolutionNode = FALSE
	EndGlobalSection
EndGlobal
